PODS:
  - Crisp (2.3.1):
    - Crisp/Crisp (= 2.3.1)
  - Crisp/Crisp (2.3.1)
  - crisp_chat_sdk (0.0.1):
    - Crisp (>= 2.3.1)
    - Flutter
  - Flutter (1.0.0)

DEPENDENCIES:
  - crisp_chat_sdk (from `.symlinks/plugins/crisp_chat_sdk/ios`)
  - Flutter (from `Flutter`)

SPEC REPOS:
  trunk:
    - Crisp

EXTERNAL SOURCES:
  crisp_chat_sdk:
    :path: ".symlinks/plugins/crisp_chat_sdk/ios"
  Flutter:
    :path: Flutter

SPEC CHECKSUMS:
  Crisp: 93c66834b546eb8e6d142323038d3df484bd3727
  crisp_chat_sdk: 23270c2a3f98d5d0d0c38a8b6d6653ee28e737fd
  Flutter: f04841e97a9d0b0a8025694d0796dd46242b2854

PODFILE CHECKSUM: ad9642c61db90c633d272b9059a6d65ea9123323

COCOAPODS: 1.12.1
